// !$*UTF8*$!
{
	archiveVersion = 1;
	classes = {
	};
	objectVersion = 46;
	objects = {

/* Begin PBXBuildFile section */
		7344D2911CDF70E70038E529 /* TimerTextField.swift in Sources */ = {isa = PBXBuildFile; fileRef = 7344D2901CDF70E70038E529 /* TimerTextField.swift */; };
		736945F81CEA5CEE00FFC068 /* Stopwatch.png in Resources */ = {isa = PBXBuildFile; fileRef = 736945F71CEA5CEE00FFC068 /* Stopwatch.png */; };
		737181281CEE6C8D005955A3 /* AppIcon.png in Resources */ = {isa = PBXBuildFile; fileRef = 737181271CEE6C8D005955A3 /* AppIcon.png */; };
		73739E681CDD12F1007D4156 /* FieldDataSource.swift in Sources */ = {isa = PBXBuildFile; fileRef = 73739E671CDD12F1007D4156 /* FieldDataSource.swift */; };
		73739E6A1CDD135B007D4156 /* FieldGridLayout.swift in Sources */ = {isa = PBXBuildFile; fileRef = 73739E691CDD135B007D4156 /* FieldGridLayout.swift */; };
		73739E6C1CDD1646007D4156 /* FieldCollectionView.swift in Sources */ = {isa = PBXBuildFile; fileRef = 73739E6B1CDD1646007D4156 /* FieldCollectionView.swift */; };
		73739E6E1CDD1FBC007D4156 /* FieldSettingsProvider.swift in Sources */ = {isa = PBXBuildFile; fileRef = 73739E6D1CDD1FBC007D4156 /* FieldSettingsProvider.swift */; };
		73739E701CDF3D26007D4156 /* CellCollectionViewItem.swift in Sources */ = {isa = PBXBuildFile; fileRef = 73739E6F1CDF3D26007D4156 /* CellCollectionViewItem.swift */; };
		73739E721CDF3D60007D4156 /* CellProperties.swift in Sources */ = {isa = PBXBuildFile; fileRef = 73739E711CDF3D60007D4156 /* CellProperties.swift */; };
		73B322B91CEC90AD0049DD0E /* Mine.png in Resources */ = {isa = PBXBuildFile; fileRef = 73B322B81CEC90AD0049DD0E /* Mine.png */; };
		73D89F251CD0D73800EF75A4 /* AppDelegate.swift in Sources */ = {isa = PBXBuildFile; fileRef = 73D89F241CD0D73800EF75A4 /* AppDelegate.swift */; };
		73D89F291CD0D73800EF75A4 /* Assets.xcassets in Resources */ = {isa = PBXBuildFile; fileRef = 73D89F281CD0D73800EF75A4 /* Assets.xcassets */; };
		73D89F2C1CD0D73800EF75A4 /* Main.storyboard in Resources */ = {isa = PBXBuildFile; fileRef = 73D89F2A1CD0D73800EF75A4 /* Main.storyboard */; };
		73D89F341CD0D9D800EF75A4 /* CellCollectionViewItem.xib in Resources */ = {isa = PBXBuildFile; fileRef = 73D89F331CD0D9D800EF75A4 /* CellCollectionViewItem.xib */; };
/* End PBXBuildFile section */

/* Begin PBXFileReference section */
		7344D2901CDF70E70038E529 /* TimerTextField.swift */ = {isa = PBXFileReference; fileEncoding = 4; lastKnownFileType = sourcecode.swift; path = TimerTextField.swift; sourceTree = "<group>"; };
		736945F71CEA5CEE00FFC068 /* Stopwatch.png */ = {isa = PBXFileReference; lastKnownFileType = image.png; path = Stopwatch.png; sourceTree = "<group>"; };
		737181271CEE6C8D005955A3 /* AppIcon.png */ = {isa = PBXFileReference; lastKnownFileType = image.png; path = AppIcon.png; sourceTree = "<group>"; };
		73739E671CDD12F1007D4156 /* FieldDataSource.swift */ = {isa = PBXFileReference; fileEncoding = 4; lastKnownFileType = sourcecode.swift; path = FieldDataSource.swift; sourceTree = "<group>"; };
		73739E691CDD135B007D4156 /* FieldGridLayout.swift */ = {isa = PBXFileReference; fileEncoding = 4; lastKnownFileType = sourcecode.swift; path = FieldGridLayout.swift; sourceTree = "<group>"; };
		73739E6B1CDD1646007D4156 /* FieldCollectionView.swift */ = {isa = PBXFileReference; fileEncoding = 4; lastKnownFileType = sourcecode.swift; path = FieldCollectionView.swift; sourceTree = "<group>"; };
		73739E6D1CDD1FBC007D4156 /* FieldSettingsProvider.swift */ = {isa = PBXFileReference; fileEncoding = 4; lastKnownFileType = sourcecode.swift; path = FieldSettingsProvider.swift; sourceTree = "<group>"; };
		73739E6F1CDF3D26007D4156 /* CellCollectionViewItem.swift */ = {isa = PBXFileReference; fileEncoding = 4; lastKnownFileType = sourcecode.swift; path = CellCollectionViewItem.swift; sourceTree = "<group>"; };
		73739E711CDF3D60007D4156 /* CellProperties.swift */ = {isa = PBXFileReference; fileEncoding = 4; lastKnownFileType = sourcecode.swift; path = CellProperties.swift; sourceTree = "<group>"; };
		73B322B81CEC90AD0049DD0E /* Mine.png */ = {isa = PBXFileReference; lastKnownFileType = image.png; path = Mine.png; sourceTree = "<group>"; };
		73D89F211CD0D73800EF75A4 /* MineSweeper.app */ = {isa = PBXFileReference; explicitFileType = wrapper.application; includeInIndex = 0; path = MineSweeper.app; sourceTree = BUILT_PRODUCTS_DIR; };
		73D89F241CD0D73800EF75A4 /* AppDelegate.swift */ = {isa = PBXFileReference; lastKnownFileType = sourcecode.swift; path = AppDelegate.swift; sourceTree = "<group>"; };
		73D89F281CD0D73800EF75A4 /* Assets.xcassets */ = {isa = PBXFileReference; lastKnownFileType = folder.assetcatalog; path = Assets.xcassets; sourceTree = "<group>"; };
		73D89F2B1CD0D73800EF75A4 /* Base */ = {isa = PBXFileReference; lastKnownFileType = file.storyboard; name = Base; path = Base.lproj/Main.storyboard; sourceTree = "<group>"; };
		73D89F2D1CD0D73800EF75A4 /* Info.plist */ = {isa = PBXFileReference; lastKnownFileType = text.plist.xml; path = Info.plist; sourceTree = "<group>"; };
		73D89F331CD0D9D800EF75A4 /* CellCollectionViewItem.xib */ = {isa = PBXFileReference; fileEncoding = 4; lastKnownFileType = file.xib; path = CellCollectionViewItem.xib; sourceTree = "<group>"; };
/* End PBXFileReference section */

/* Begin PBXFrameworksBuildPhase section */
		73D89F1E1CD0D73800EF75A4 /* Frameworks */ = {
			isa = PBXFrameworksBuildPhase;
			buildActionMask = 2147483647;
			files = (
			);
			runOnlyForDeploymentPostprocessing = 0;
		};
/* End PBXFrameworksBuildPhase section */

/* Begin PBXGroup section */
		736945F61CEA5CD000FFC068 /* Icons */ = {
			isa = PBXGroup;
			children = (
				737181271CEE6C8D005955A3 /* AppIcon.png */,
				73B322B81CEC90AD0049DD0E /* Mine.png */,
				736945F71CEA5CEE00FFC068 /* Stopwatch.png */,
			);
			name = Icons;
			path = ..;
			sourceTree = "<group>";
		};
		73D89F181CD0D73800EF75A4 = {
			isa = PBXGroup;
			children = (
				73D89F231CD0D73800EF75A4 /* MineSweeper */,
				73D89F221CD0D73800EF75A4 /* Products */,
			);
			sourceTree = "<group>";
		};
		73D89F221CD0D73800EF75A4 /* Products */ = {
			isa = PBXGroup;
			children = (
				73D89F211CD0D73800EF75A4 /* MineSweeper.app */,
			);
			name = Products;
			sourceTree = "<group>";
		};
		73D89F231CD0D73800EF75A4 /* MineSweeper */ = {
			isa = PBXGroup;
			children = (
				736945F61CEA5CD000FFC068 /* Icons */,
				73D89F2D1CD0D73800EF75A4 /* Info.plist */,
				73D89F241CD0D73800EF75A4 /* AppDelegate.swift */,
				73739E6F1CDF3D26007D4156 /* CellCollectionViewItem.swift */,
				73739E711CDF3D60007D4156 /* CellProperties.swift */,
				73739E6B1CDD1646007D4156 /* FieldCollectionView.swift */,
				73739E671CDD12F1007D4156 /* FieldDataSource.swift */,
				73739E691CDD135B007D4156 /* FieldGridLayout.swift */,
				73739E6D1CDD1FBC007D4156 /* FieldSettingsProvider.swift */,
				7344D2901CDF70E70038E529 /* TimerTextField.swift */,
				73D89F281CD0D73800EF75A4 /* Assets.xcassets */,
				73D89F331CD0D9D800EF75A4 /* CellCollectionViewItem.xib */,
				73D89F2A1CD0D73800EF75A4 /* Main.storyboard */,
			);
			path = MineSweeper;
			sourceTree = "<group>";
		};
/* End PBXGroup section */

/* Begin PBXNativeTarget section */
		73D89F201CD0D73800EF75A4 /* MineSweeper */ = {
			isa = PBXNativeTarget;
			buildConfigurationList = 73D89F301CD0D73800EF75A4 /* Build configuration list for PBXNativeTarget "MineSweeper" */;
			buildPhases = (
				73D89F1D1CD0D73800EF75A4 /* Sources */,
				73D89F1E1CD0D73800EF75A4 /* Frameworks */,
				73D89F1F1CD0D73800EF75A4 /* Resources */,
			);
			buildRules = (
			);
			dependencies = (
			);
			name = MineSweeper;
			productName = MineSweeper;
			productReference = 73D89F211CD0D73800EF75A4 /* MineSweeper.app */;
			productType = "com.apple.product-type.application";
		};
/* End PBXNativeTarget section */

/* Begin PBXProject section */
		73D89F191CD0D73800EF75A4 /* Project object */ = {
			isa = PBXProject;
			attributes = {
				LastSwiftUpdateCheck = 0730;
				LastUpgradeCheck = 0930;
				ORGANIZATIONNAME = rt;
				TargetAttributes = {
					73D89F201CD0D73800EF75A4 = {
						CreatedOnToolsVersion = 7.3;
						DevelopmentTeam = US3UADWREE;
						LastSwiftMigration = 0920;
						ProvisioningStyle = Automatic;
					};
				};
			};
			buildConfigurationList = 73D89F1C1CD0D73800EF75A4 /* Build configuration list for PBXProject "MineSweeper" */;
			compatibilityVersion = "Xcode 3.2";
			developmentRegion = English;
			hasScannedForEncodings = 0;
			knownRegions = (
				en,
				Base,
			);
			mainGroup = 73D89F181CD0D73800EF75A4;
			productRefGroup = 73D89F221CD0D73800EF75A4 /* Products */;
			projectDirPath = "";
			projectRoot = "";
			targets = (
				73D89F201CD0D73800EF75A4 /* MineSweeper */,
			);
		};
/* End PBXProject section */

/* Begin PBXResourcesBuildPhase section */
		73D89F1F1CD0D73800EF75A4 /* Resources */ = {
			isa = PBXResourcesBuildPhase;
			buildActionMask = 2147483647;
			files = (
				73D89F291CD0D73800EF75A4 /* Assets.xcassets in Resources */,
				73D89F341CD0D9D800EF75A4 /* CellCollectionViewItem.xib in Resources */,
				73B322B91CEC90AD0049DD0E /* Mine.png in Resources */,
				73D89F2C1CD0D73800EF75A4 /* Main.storyboard in Resources */,
				736945F81CEA5CEE00FFC068 /* Stopwatch.png in Resources */,
				737181281CEE6C8D005955A3 /* AppIcon.png in Resources */,
			);
			runOnlyForDeploymentPostprocessing = 0;
		};
/* End PBXResourcesBuildPhase section */

/* Begin PBXSourcesBuildPhase section */
		73D89F1D1CD0D73800EF75A4 /* Sources */ = {
			isa = PBXSourcesBuildPhase;
			buildActionMask = 2147483647;
			files = (
				73739E6E1CDD1FBC007D4156 /* FieldSettingsProvider.swift in Sources */,
				73739E6A1CDD135B007D4156 /* FieldGridLayout.swift in Sources */,
				7344D2911CDF70E70038E529 /* TimerTextField.swift in Sources */,
				73739E681CDD12F1007D4156 /* FieldDataSource.swift in Sources */,
				73739E721CDF3D60007D4156 /* CellProperties.swift in Sources */,
				73D89F251CD0D73800EF75A4 /* AppDelegate.swift in Sources */,
				73739E701CDF3D26007D4156 /* CellCollectionViewItem.swift in Sources */,
				73739E6C1CDD1646007D4156 /* FieldCollectionView.swift in Sources */,
			);
			runOnlyForDeploymentPostprocessing = 0;
		};
/* End PBXSourcesBuildPhase section */

/* Begin PBXVariantGroup section */
		73D89F2A1CD0D73800EF75A4 /* Main.storyboard */ = {
			isa = PBXVariantGroup;
			children = (
				73D89F2B1CD0D73800EF75A4 /* Base */,
			);
			name = Main.storyboard;
			sourceTree = "<group>";
		};
/* End PBXVariantGroup section */

/* Begin XCBuildConfiguration section */
		73D89F2E1CD0D73800EF75A4 /* Debug */ = {
			isa = XCBuildConfiguration;
			buildSettings = {
				ALWAYS_SEARCH_USER_PATHS = NO;
				CLANG_ANALYZER_NONNULL = YES;
				CLANG_CXX_LANGUAGE_STANDARD = "gnu++0x";
				CLANG_CXX_LIBRARY = "libc++";
				CLANG_ENABLE_MODULES = YES;
				CLANG_ENABLE_OBJC_ARC = YES;
				CLANG_WARN_BLOCK_CAPTURE_AUTORELEASING = YES;
				CLANG_WARN_BOOL_CONVERSION = YES;
				CLANG_WARN_COMMA = YES;
				CLANG_WARN_CONSTANT_CONVERSION = YES;
				CLANG_WARN_DEPRECATED_OBJC_IMPLEMENTATIONS = YES;
				CLANG_WARN_DIRECT_OBJC_ISA_USAGE = YES_ERROR;
				CLANG_WARN_EMPTY_BODY = YES;
				CLANG_WARN_ENUM_CONVERSION = YES;
				CLANG_WARN_INFINITE_RECURSION = YES;
				CLANG_WARN_INT_CONVERSION = YES;
				CLANG_WARN_NON_LITERAL_NULL_CONVERSION = YES;
				CLANG_WARN_OBJC_IMPLICIT_RETAIN_SELF = YES;
				CLANG_WARN_OBJC_LITERAL_CONVERSION = YES;
				CLANG_WARN_OBJC_ROOT_CLASS = YES_ERROR;
				CLANG_WARN_RANGE_LOOP_ANALYSIS = YES;
				CLANG_WARN_STRICT_PROTOTYPES = YES;
				CLANG_WARN_SUSPICIOUS_MOVE = YES;
				CLANG_WARN_UNREACHABLE_CODE = YES;
				CLANG_WARN__DUPLICATE_METHOD_MATCH = YES;
				CODE_SIGN_IDENTITY = "Mac Developer: artkh@hispeed.ch (VFHA585BWB)";
				COPY_PHASE_STRIP = NO;
				DEBUG_INFORMATION_FORMAT = dwarf;
				DEVELOPMENT_TEAM = US3UADWREE;
				ENABLE_STRICT_OBJC_MSGSEND = YES;
				ENABLE_TESTABILITY = YES;
				GCC_C_LANGUAGE_STANDARD = gnu99;
				GCC_DYNAMIC_NO_PIC = NO;
				GCC_NO_COMMON_BLOCKS = YES;
				GCC_OPTIMIZATION_LEVEL = 0;
				GCC_PREPROCESSOR_DEFINITIONS = (
					"DEBUG=1",
					"$(inherited)",
				);
				GCC_WARN_64_TO_32_BIT_CONVERSION = YES;
				GCC_WARN_ABOUT_RETURN_TYPE = YES_ERROR;
				GCC_WARN_UNDECLARED_SELECTOR = YES;
				GCC_WARN_UNINITIALIZED_AUTOS = YES_AGGRESSIVE;
				GCC_WARN_UNUSED_FUNCTION = YES;
				GCC_WARN_UNUSED_VARIABLE = YES;
				MACOSX_DEPLOYMENT_TARGET = 10.12;
				MTL_ENABLE_DEBUG_INFO = YES;
				ONLY_ACTIVE_ARCH = NO;
				SDKROOT = macosx;
				SWIFT_OPTIMIZATION_LEVEL = "-Onone";
			};
			name = Debug;
		};
		73D89F2F1CD0D73800EF75A4 /* Release */ = {
			isa = XCBuildConfiguration;
			buildSettings = {
				ALWAYS_SEARCH_USER_PATHS = NO;
				CLANG_ANALYZER_NONNULL = YES;
				CLANG_CXX_LANGUAGE_STANDARD = "gnu++0x";
				CLANG_CXX_LIBRARY = "libc++";
				CLANG_ENABLE_MODULES = YES;
				CLANG_ENABLE_OBJC_ARC = YES;
				CLANG_WARN_BLOCK_CAPTURE_AUTORELEASING = YES;
				CLANG_WARN_BOOL_CONVERSION = YES;
				CLANG_WARN_COMMA = YES;
				CLANG_WARN_CONSTANT_CONVERSION = YES;
				CLANG_WARN_DEPRECATED_OBJC_IMPLEMENTATIONS = YES;
				CLANG_WARN_DIRECT_OBJC_ISA_USAGE = YES_ERROR;
				CLANG_WARN_EMPTY_BODY = YES;
				CLANG_WARN_ENUM_CONVERSION = YES;
				CLANG_WARN_INFINITE_RECURSION = YES;
				CLANG_WARN_INT_CONVERSION = YES;
				CLANG_WARN_NON_LITERAL_NULL_CONVERSION = YES;
				CLANG_WARN_OBJC_IMPLICIT_RETAIN_SELF = YES;
				CLANG_WARN_OBJC_LITERAL_CONVERSION = YES;
				CLANG_WARN_OBJC_ROOT_CLASS = YES_ERROR;
				CLANG_WARN_RANGE_LOOP_ANALYSIS = YES;
				CLANG_WARN_STRICT_PROTOTYPES = YES;
				CLANG_WARN_SUSPICIOUS_MOVE = YES;
				CLANG_WARN_UNREACHABLE_CODE = YES;
				CLANG_WARN__DUPLICATE_METHOD_MATCH = YES;
				CODE_SIGN_IDENTITY = "Mac Developer: artkh@hispeed.ch (VFHA585BWB)";
				COPY_PHASE_STRIP = NO;
				DEBUG_INFORMATION_FORMAT = "dwarf-with-dsym";
				DEVELOPMENT_TEAM = US3UADWREE;
				ENABLE_NS_ASSERTIONS = NO;
				ENABLE_STRICT_OBJC_MSGSEND = YES;
				GCC_C_LANGUAGE_STANDARD = gnu99;
				GCC_NO_COMMON_BLOCKS = YES;
				GCC_WARN_64_TO_32_BIT_CONVERSION = YES;
				GCC_WARN_ABOUT_RETURN_TYPE = YES_ERROR;
				GCC_WARN_UNDECLARED_SELECTOR = YES;
				GCC_WARN_UNINITIALIZED_AUTOS = YES_AGGRESSIVE;
				GCC_WARN_UNUSED_FUNCTION = YES;
				GCC_WARN_UNUSED_VARIABLE = YES;
				MACOSX_DEPLOYMENT_TARGET = 10.12;
				MTL_ENABLE_DEBUG_INFO = NO;
				SDKROOT = macosx;
				SWIFT_OPTIMIZATION_LEVEL = "-Owholemodule";
			};
			name = Release;
		};
		73D89F311CD0D73800EF75A4 /* Debug */ = {
			isa = XCBuildConfiguration;
			buildSettings = {
				ASSETCATALOG_COMPILER_APPICON_NAME = AppIcon;
				CODE_SIGN_IDENTITY = "Mac Developer";
				CODE_SIGN_STYLE = Automatic;
				COMBINE_HIDPI_IMAGES = YES;
				DEVELOPMENT_TEAM = "";
				INFOPLIST_FILE = MineSweeper/Info.plist;
				LD_RUNPATH_SEARCH_PATHS = "$(inherited) @executable_path/../Frameworks";
				PRODUCT_BUNDLE_IDENTIFIER = rt.MineSweeper;
				PRODUCT_NAME = "$(TARGET_NAME)";
				PROVISIONING_PROFILE_SPECIFIER = "";
				SWIFT_SWIFT3_OBJC_INFERENCE = On;
				SWIFT_VERSION = 4.0;
			};
			name = Debug;
		};
		73D89F321CD0D73800EF75A4 /* Release */ = {
			isa = XCBuildConfiguration;
			buildSettings = {
				ASSETCATALOG_COMPILER_APPICON_NAME = AppIcon;
				CODE_SIGN_IDENTITY = "Mac Developer";
				CODE_SIGN_STYLE = Automatic;
				COMBINE_HIDPI_IMAGES = YES;
				DEVELOPMENT_TEAM = "";
				INFOPLIST_FILE = MineSweeper/Info.plist;
				LD_RUNPATH_SEARCH_PATHS = "$(inherited) @executable_path/../Frameworks";
				PRODUCT_BUNDLE_IDENTIFIER = rt.MineSweeper;
				PRODUCT_NAME = "$(TARGET_NAME)";
				PROVISIONING_PROFILE_SPECIFIER = "";
				SWIFT_SWIFT3_OBJC_INFERENCE = On;
				SWIFT_VERSION = 4.0;
			};
			name = Release;
		};
/* End XCBuildConfiguration section */

/* Begin XCConfigurationList section */
		73D89F1C1CD0D73800EF75A4 /* Build configuration list for PBXProject "MineSweeper" */ = {
			isa = XCConfigurationList;
			buildConfigurations = (
				73D89F2E1CD0D73800EF75A4 /* Debug */,
				73D89F2F1CD0D73800EF75A4 /* Release */,
			);
			defaultConfigurationIsVisible = 0;
			defaultConfigurationName = Debug;
		};
		73D89F301CD0D73800EF75A4 /* Build configuration list for PBXNativeTarget "MineSweeper" */ = {
			isa = XCConfigurationList;
			buildConfigurations = (
				73D89F311CD0D73800EF75A4 /* Debug */,
				73D89F321CD0D73800EF75A4 /* Release */,
			);
			defaultConfigurationIsVisible = 0;
			defaultConfigurationName = Debug;
		};
/* End XCConfigurationList section */
	};
	rootObject = 73D89F191CD0D73800EF75A4 /* Project object */;
}
