// !$*UTF8*$!
{
	archiveVersion = 1;
	classes = {
	};
	objectVersion = 46;
	objects = {

/* Begin PBXBuildFile section */
		73E306251CCBF71F0034CE73 /* AppDelegate.swift in Sources */ = {isa = PBXBuildFile; fileRef = 73E306241CCBF71F0034CE73 /* AppDelegate.swift */; };
		73E306271CCBF71F0034CE73 /* ViewController.swift in Sources */ = {isa = PBXBuildFile; fileRef = 73E306261CCBF71F0034CE73 /* ViewController.swift */; };
		73E306291CCBF71F0034CE73 /* Assets.xcassets in Resources */ = {isa = PBXBuildFile; fileRef = 73E306281CCBF71F0034CE73 /* Assets.xcassets */; };
		73E3062C1CCBF71F0034CE73 /* Main.storyboard in Resources */ = {isa = PBXBuildFile; fileRef = 73E3062A1CCBF71F0034CE73 /* Main.storyboard */; };
		73E306341CCBF84C0034CE73 /* DataSource.swift in Sources */ = {isa = PBXBuildFile; fileRef = 73E306331CCBF84C0034CE73 /* DataSource.swift */; };
		73E306371CCBF9420034CE73 /* CellCollectionViewItem.swift in Sources */ = {isa = PBXBuildFile; fileRef = 73E306351CCBF9420034CE73 /* CellCollectionViewItem.swift */; };
		73E306381CCBF9420034CE73 /* CellCollectionViewItem.xib in Resources */ = {isa = PBXBuildFile; fileRef = 73E306361CCBF9420034CE73 /* CellCollectionViewItem.xib */; };
/* End PBXBuildFile section */

/* Begin PBXFileReference section */
		73E306211CCBF71F0034CE73 /* MineSweeper.app */ = {isa = PBXFileReference; explicitFileType = wrapper.application; includeInIndex = 0; path = MineSweeper.app; sourceTree = BUILT_PRODUCTS_DIR; };
		73E306241CCBF71F0034CE73 /* AppDelegate.swift */ = {isa = PBXFileReference; lastKnownFileType = sourcecode.swift; path = AppDelegate.swift; sourceTree = "<group>"; };
		73E306261CCBF71F0034CE73 /* ViewController.swift */ = {isa = PBXFileReference; lastKnownFileType = sourcecode.swift; path = ViewController.swift; sourceTree = "<group>"; };
		73E306281CCBF71F0034CE73 /* Assets.xcassets */ = {isa = PBXFileReference; lastKnownFileType = folder.assetcatalog; path = Assets.xcassets; sourceTree = "<group>"; };
		73E3062B1CCBF71F0034CE73 /* Base */ = {isa = PBXFileReference; lastKnownFileType = file.storyboard; name = Base; path = Base.lproj/Main.storyboard; sourceTree = "<group>"; };
		73E3062D1CCBF71F0034CE73 /* Info.plist */ = {isa = PBXFileReference; lastKnownFileType = text.plist.xml; path = Info.plist; sourceTree = "<group>"; };
		73E306331CCBF84C0034CE73 /* DataSource.swift */ = {isa = PBXFileReference; fileEncoding = 4; lastKnownFileType = sourcecode.swift; name = DataSource.swift; path = ../DataSource.swift; sourceTree = "<group>"; };
		73E306351CCBF9420034CE73 /* CellCollectionViewItem.swift */ = {isa = PBXFileReference; fileEncoding = 4; lastKnownFileType = sourcecode.swift; name = CellCollectionViewItem.swift; path = ../CellCollectionViewItem.swift; sourceTree = "<group>"; };
		73E306361CCBF9420034CE73 /* CellCollectionViewItem.xib */ = {isa = PBXFileReference; fileEncoding = 4; lastKnownFileType = file.xib; name = CellCollectionViewItem.xib; path = ../CellCollectionViewItem.xib; sourceTree = "<group>"; };
/* End PBXFileReference section */

/* Begin PBXFrameworksBuildPhase section */
		73E3061E1CCBF71F0034CE73 /* Frameworks */ = {
			isa = PBXFrameworksBuildPhase;
			buildActionMask = 2147483647;
			files = (
			);
			runOnlyForDeploymentPostprocessing = 0;
		};
/* End PBXFrameworksBuildPhase section */

/* Begin PBXGroup section */
		73E306181CCBF71F0034CE73 = {
			isa = PBXGroup;
			children = (
				73E306231CCBF71F0034CE73 /* MineSweeper */,
				73E306221CCBF71F0034CE73 /* Products */,
			);
			sourceTree = "<group>";
		};
		73E306221CCBF71F0034CE73 /* Products */ = {
			isa = PBXGroup;
			children = (
				73E306211CCBF71F0034CE73 /* MineSweeper.app */,
			);
			name = Products;
			sourceTree = "<group>";
		};
		73E306231CCBF71F0034CE73 /* MineSweeper */ = {
			isa = PBXGroup;
			children = (
				73E3062D1CCBF71F0034CE73 /* Info.plist */,
				73E306241CCBF71F0034CE73 /* AppDelegate.swift */,
				73E306351CCBF9420034CE73 /* CellCollectionViewItem.swift */,
				73E306331CCBF84C0034CE73 /* DataSource.swift */,
				73E306261CCBF71F0034CE73 /* ViewController.swift */,
				73E306281CCBF71F0034CE73 /* Assets.xcassets */,
				73E306361CCBF9420034CE73 /* CellCollectionViewItem.xib */,
				73E3062A1CCBF71F0034CE73 /* Main.storyboard */,
			);
			path = MineSweeper;
			sourceTree = "<group>";
		};
/* End PBXGroup section */

/* Begin PBXNativeTarget section */
		73E306201CCBF71F0034CE73 /* MineSweeper */ = {
			isa = PBXNativeTarget;
			buildConfigurationList = 73E306301CCBF71F0034CE73 /* Build configuration list for PBXNativeTarget "MineSweeper" */;
			buildPhases = (
				73E3061D1CCBF71F0034CE73 /* Sources */,
				73E3061E1CCBF71F0034CE73 /* Frameworks */,
				73E3061F1CCBF71F0034CE73 /* Resources */,
			);
			buildRules = (
			);
			dependencies = (
			);
			name = MineSweeper;
			productName = MineSweeper;
			productReference = 73E306211CCBF71F0034CE73 /* MineSweeper.app */;
			productType = "com.apple.product-type.application";
		};
/* End PBXNativeTarget section */

/* Begin PBXProject section */
		73E306191CCBF71F0034CE73 /* Project object */ = {
			isa = PBXProject;
			attributes = {
				LastSwiftUpdateCheck = 0730;
				LastUpgradeCheck = 0730;
				ORGANIZATIONNAME = rt;
				TargetAttributes = {
					73E306201CCBF71F0034CE73 = {
						CreatedOnToolsVersion = 7.3;
					};
				};
			};
			buildConfigurationList = 73E3061C1CCBF71F0034CE73 /* Build configuration list for PBXProject "MineSweeper" */;
			compatibilityVersion = "Xcode 3.2";
			developmentRegion = English;
			hasScannedForEncodings = 0;
			knownRegions = (
				en,
				Base,
			);
			mainGroup = 73E306181CCBF71F0034CE73;
			productRefGroup = 73E306221CCBF71F0034CE73 /* Products */;
			projectDirPath = "";
			projectRoot = "";
			targets = (
				73E306201CCBF71F0034CE73 /* MineSweeper */,
			);
		};
/* End PBXProject section */

/* Begin PBXResourcesBuildPhase section */
		73E3061F1CCBF71F0034CE73 /* Resources */ = {
			isa = PBXResourcesBuildPhase;
			buildActionMask = 2147483647;
			files = (
				73E306291CCBF71F0034CE73 /* Assets.xcassets in Resources */,
				73E3062C1CCBF71F0034CE73 /* Main.storyboard in Resources */,
				73E306381CCBF9420034CE73 /* CellCollectionViewItem.xib in Resources */,
			);
			runOnlyForDeploymentPostprocessing = 0;
		};
/* End PBXResourcesBuildPhase section */

/* Begin PBXSourcesBuildPhase section */
		73E3061D1CCBF71F0034CE73 /* Sources */ = {
			isa = PBXSourcesBuildPhase;
			buildActionMask = 2147483647;
			files = (
				73E306341CCBF84C0034CE73 /* DataSource.swift in Sources */,
				73E306271CCBF71F0034CE73 /* ViewController.swift in Sources */,
				73E306251CCBF71F0034CE73 /* AppDelegate.swift in Sources */,
				73E306371CCBF9420034CE73 /* CellCollectionViewItem.swift in Sources */,
			);
			runOnlyForDeploymentPostprocessing = 0;
		};
/* End PBXSourcesBuildPhase section */

/* Begin PBXVariantGroup section */
		73E3062A1CCBF71F0034CE73 /* Main.storyboard */ = {
			isa = PBXVariantGroup;
			children = (
				73E3062B1CCBF71F0034CE73 /* Base */,
			);
			name = Main.storyboard;
			sourceTree = "<group>";
		};
/* End PBXVariantGroup section */

/* Begin XCBuildConfiguration section */
		73E3062E1CCBF71F0034CE73 /* Debug */ = {
			isa = XCBuildConfiguration;
			buildSettings = {
				ALWAYS_SEARCH_USER_PATHS = NO;
				CLANG_ANALYZER_NONNULL = YES;
				CLANG_CXX_LANGUAGE_STANDARD = "gnu++0x";
				CLANG_CXX_LIBRARY = "libc++";
				CLANG_ENABLE_MODULES = YES;
				CLANG_ENABLE_OBJC_ARC = YES;
				CLANG_WARN_BOOL_CONVERSION = YES;
				CLANG_WARN_CONSTANT_CONVERSION = YES;
				CLANG_WARN_DIRECT_OBJC_ISA_USAGE = YES_ERROR;
				CLANG_WARN_EMPTY_BODY = YES;
				CLANG_WARN_ENUM_CONVERSION = YES;
				CLANG_WARN_INT_CONVERSION = YES;
				CLANG_WARN_OBJC_ROOT_CLASS = YES_ERROR;
				CLANG_WARN_UNREACHABLE_CODE = YES;
				CLANG_WARN__DUPLICATE_METHOD_MATCH = YES;
				CODE_SIGN_IDENTITY = "-";
				COPY_PHASE_STRIP = NO;
				DEBUG_INFORMATION_FORMAT = dwarf;
				ENABLE_STRICT_OBJC_MSGSEND = YES;
				ENABLE_TESTABILITY = YES;
				GCC_C_LANGUAGE_STANDARD = gnu99;
				GCC_DYNAMIC_NO_PIC = NO;
				GCC_NO_COMMON_BLOCKS = YES;
				GCC_OPTIMIZATION_LEVEL = 0;
				GCC_PREPROCESSOR_DEFINITIONS = (
					"DEBUG=1",
					"$(inherited)",
				);
				GCC_WARN_64_TO_32_BIT_CONVERSION = YES;
				GCC_WARN_ABOUT_RETURN_TYPE = YES_ERROR;
				GCC_WARN_UNDECLARED_SELECTOR = YES;
				GCC_WARN_UNINITIALIZED_AUTOS = YES_AGGRESSIVE;
				GCC_WARN_UNUSED_FUNCTION = YES;
				GCC_WARN_UNUSED_VARIABLE = YES;
				MACOSX_DEPLOYMENT_TARGET = 10.11;
				MTL_ENABLE_DEBUG_INFO = YES;
				ONLY_ACTIVE_ARCH = YES;
				SDKROOT = macosx;
				SWIFT_OPTIMIZATION_LEVEL = "-Onone";
			};
			name = Debug;
		};
		73E3062F1CCBF71F0034CE73 /* Release */ = {
			isa = XCBuildConfiguration;
			buildSettings = {
				ALWAYS_SEARCH_USER_PATHS = NO;
				CLANG_ANALYZER_NONNULL = YES;
				CLANG_CXX_LANGUAGE_STANDARD = "gnu++0x";
				CLANG_CXX_LIBRARY = "libc++";
				CLANG_ENABLE_MODULES = YES;
				CLANG_ENABLE_OBJC_ARC = YES;
				CLANG_WARN_BOOL_CONVERSION = YES;
				CLANG_WARN_CONSTANT_CONVERSION = YES;
				CLANG_WARN_DIRECT_OBJC_ISA_USAGE = YES_ERROR;
				CLANG_WARN_EMPTY_BODY = YES;
				CLANG_WARN_ENUM_CONVERSION = YES;
				CLANG_WARN_INT_CONVERSION = YES;
				CLANG_WARN_OBJC_ROOT_CLASS = YES_ERROR;
				CLANG_WARN_UNREACHABLE_CODE = YES;
				CLANG_WARN__DUPLICATE_METHOD_MATCH = YES;
				CODE_SIGN_IDENTITY = "-";
				COPY_PHASE_STRIP = NO;
				DEBUG_INFORMATION_FORMAT = "dwarf-with-dsym";
				ENABLE_NS_ASSERTIONS = NO;
				ENABLE_STRICT_OBJC_MSGSEND = YES;
				GCC_C_LANGUAGE_STANDARD = gnu99;
				GCC_NO_COMMON_BLOCKS = YES;
				GCC_WARN_64_TO_32_BIT_CONVERSION = YES;
				GCC_WARN_ABOUT_RETURN_TYPE = YES_ERROR;
				GCC_WARN_UNDECLARED_SELECTOR = YES;
				GCC_WARN_UNINITIALIZED_AUTOS = YES_AGGRESSIVE;
				GCC_WARN_UNUSED_FUNCTION = YES;
				GCC_WARN_UNUSED_VARIABLE = YES;
				MACOSX_DEPLOYMENT_TARGET = 10.11;
				MTL_ENABLE_DEBUG_INFO = NO;
				SDKROOT = macosx;
			};
			name = Release;
		};
		73E306311CCBF71F0034CE73 /* Debug */ = {
			isa = XCBuildConfiguration;
			buildSettings = {
				ASSETCATALOG_COMPILER_APPICON_NAME = AppIcon;
				COMBINE_HIDPI_IMAGES = YES;
				INFOPLIST_FILE = MineSweeper/Info.plist;
				LD_RUNPATH_SEARCH_PATHS = "$(inherited) @executable_path/../Frameworks";
				PRODUCT_BUNDLE_IDENTIFIER = rt.MineSweeper;
				PRODUCT_NAME = "$(TARGET_NAME)";
			};
			name = Debug;
		};
		73E306321CCBF71F0034CE73 /* Release */ = {
			isa = XCBuildConfiguration;
			buildSettings = {
				ASSETCATALOG_COMPILER_APPICON_NAME = AppIcon;
				COMBINE_HIDPI_IMAGES = YES;
				INFOPLIST_FILE = MineSweeper/Info.plist;
				LD_RUNPATH_SEARCH_PATHS = "$(inherited) @executable_path/../Frameworks";
				PRODUCT_BUNDLE_IDENTIFIER = rt.MineSweeper;
				PRODUCT_NAME = "$(TARGET_NAME)";
			};
			name = Release;
		};
/* End XCBuildConfiguration section */

/* Begin XCConfigurationList section */
		73E3061C1CCBF71F0034CE73 /* Build configuration list for PBXProject "MineSweeper" */ = {
			isa = XCConfigurationList;
			buildConfigurations = (
				73E3062E1CCBF71F0034CE73 /* Debug */,
				73E3062F1CCBF71F0034CE73 /* Release */,
			);
			defaultConfigurationIsVisible = 0;
			defaultConfigurationName = Release;
		};
		73E306301CCBF71F0034CE73 /* Build configuration list for PBXNativeTarget "MineSweeper" */ = {
			isa = XCConfigurationList;
			buildConfigurations = (
				73E306311CCBF71F0034CE73 /* Debug */,
				73E306321CCBF71F0034CE73 /* Release */,
			);
			defaultConfigurationIsVisible = 0;
		};
/* End XCConfigurationList section */
	};
	rootObject = 73E306191CCBF71F0034CE73 /* Project object */;
}
